<?xml version="1.0" encoding="utf-8"?>
<Project ToolsVersion="4.0" xmlns="http://schemas.microsoft.com/developer/msbuild/2003">
  <ItemGroup>
    <Filter Include="Source Files">
      <UniqueIdentifier>{4FC737F1-C7A5-4376-A066-2A32D752A2FF}</UniqueIdentifier>
      <Extensions>cpp;c;cc;cxx;c++;def;odl;idl;hpj;bat;asm;asmx</Extensions>
    </Filter>
    <Filter Include="Header Files">
      <UniqueIdentifier>{93995380-89BD-4b04-88EB-625FBE52EBFB}</UniqueIdentifier>
      <Extensions>h;hh;hpp;hxx;h++;hm;inl;inc;ipp;xsd</Extensions>
    </Filter>
    <Filter Include="Resource Files">
      <UniqueIdentifier>{67DA6AB6-F800-4c08-8B7A-83BB121AAD01}</UniqueIdentifier>
      <Extensions>rc;ico;cur;bmp;dlg;rc2;rct;bin;rgs;gif;jpg;jpeg;jpe;resx;tiff;tif;png;wav;mfcribbon-ms</Extensions>
    </Filter>
  </ItemGroup>
  <ItemGroup>
    <ClCompile Include="Lesthallen RPG.cpp">
      <Filter>Source Files</Filter>
    </ClCompile>
    <ClCompile Include="characterOperations.cpp">
      <Filter>Source Files</Filter>
    </ClCompile>
    <ClCompile Include="getTime.cpp">
      <Filter>Source Files</Filter>
    </ClCompile>
    <ClCompile Include="itemHandler.cpp">
      <Filter>Source Files</Filter>
    </ClCompile>
    <ClCompile Include="logsAndExceptions.cpp">
      <Filter>Source Files</Filter>
    </ClCompile>
    <ClCompile Include="gameWorldManager.cpp">
      <Filter>Source Files</Filter>
    </ClCompile>
    <ClCompile Include="conversionFunctions.cpp">
      <Filter>Source Files</Filter>
    </ClCompile>
    <ClCompile Include="inventorySystem.cpp">
      <Filter>Source Files</Filter>
    </ClCompile>
  </ItemGroup>
  <ItemGroup>
    <ClInclude Include="logsAndExceptions.h">
      <Filter>Header Files</Filter>
    </ClInclude>
    <ClInclude Include="characterOperations.h">
      <Filter>Header Files</Filter>
    </ClInclude>
    <ClInclude Include="getTime.h">
      <Filter>Header Files</Filter>
    </ClInclude>
    <ClInclude Include="itemHandler.h">
      <Filter>Header Files</Filter>
    </ClInclude>
    <ClInclude Include="Lesthallen RPG.h">
      <Filter>Header Files</Filter>
    </ClInclude>
    <ClInclude Include="mainFile.h">
      <Filter>Header Files</Filter>
    </ClInclude>
    <ClInclude Include="gameWorldManager.h">
      <Filter>Header Files</Filter>
    </ClInclude>
    <ClInclude Include="conversionFunctions.h">
      <Filter>Header Files</Filter>
    </ClInclude>
    <ClInclude Include="currentGame.h">
      <Filter>Header Files</Filter>
    </ClInclude>
    <ClInclude Include="inventorySystem.h">
      <Filter>Header Files</Filter>
    </ClInclude>
  </ItemGroup>
</Project>